{
  "name": "nextjs-github-pages",
  "version": "0.1.0",
  "lockfileVersion": 2,
  "requires": true,
  "packages": {
    "": {
      "name": "nextjs-github-pages",
      "version": "0.1.0",
      "dependencies": {
        "next": "12.2.4",
        "react": "18.2.0",
        "react-dom": "18.2.0"
      }
    },
    "node_modules/@next/env": {
      "version": "12.2.4",
      "resolved": "https://registry.npmjs.org/@next/env/-/env-12.2.4.tgz",
      "integrity": "sha512-/gApFXWk5CCLFQJL5IYJXxPQuG5tz5nPX4l27A9Zm/+wJxiwFrRSP54AopDxIv4JRp/rGwcgk/lZS/0Clw8jYA=="
    },
    "node_modules/@next/swc-android-arm-eabi": {
      "version": "12.2.4",
      "resolved": "https://registry.npmjs.org/@next/swc-android-arm-eabi/-/swc-android-arm-eabi-12.2.4.tgz",
      "integrity": "sha512-P4YSFNpmXXSnn3P1qsOAqz+MX3On9fHrlc8ovb/CFJJoU+YLCR53iCEwfw39e0IZEgDA7ttgr108plF8mxaX0g==",
      "cpu": [
        "arm"
      ],
      "optional": true,
      "os": [
        "android"
      ],
      "engines": {
        "node": ">= 10"
      }
    },
    "node_modules/@next/swc-android-arm64": {
      "version": "12.2.4",
      "resolved": "https://registry.npmjs.org/@next/swc-android-arm64/-/swc-android-arm64-12.2.4.tgz",
      "integrity": "sha512-4o2n14E18O+8xHlf6dgJsWPXN9gmSmfIe2Z0EqKDIPBBkFt/2CyrH0+vwHnL2l7xkDHhOGfZYcYIWVUR5aNu0A==",
      "cpu": [
        "arm64"
      ],
      "optional": true,
      "os": [
        "android"
      ],
      "engines": {
        "node": ">= 10"
      }
    },
    "node_modules/@next/swc-darwin-arm64": {
      "version": "12.2.4",
      "resolved": "https://registry.npmjs.org/@next/swc-darwin-arm64/-/swc-darwin-arm64-12.2.4.tgz",
      "integrity": "sha512-DcUO6MGBL9E3jj5o86MUnTOy4WawIJJhyCcFYO4f51sbl7+uPIYIx40eo98A6NwJEXazCqq1hLeqOaNTAIvDiQ==",
      "cpu": [
        "arm64"
      ],
      "optional": true,
      "os": [
        "darwin"
      ],
      "engines": {
        "node": ">= 10"
      }
    },
    "node_modules/@next/swc-darwin-x64": {
      "version": "12.2.4",
      "resolved": "https://registry.npmjs.org/@next/swc-darwin-x64/-/swc-darwin-x64-12.2.4.tgz",
      "integrity": "sha512-IUlFMqeLjdIzDorrGC2Dt+2Ae3DbKQbRzCzmDq4/CP1+jJGeDXo/2AHnlE+WYnwQAC4KtAz6pbVnd3KstZWsVA==",
      "cpu": [
        "x64"
      ],
      "optional": true,
      "os": [
        "darwin"
      ],
      "engines": {
        "node": ">= 10"
      }
    },
    "node_modules/@next/swc-freebsd-x64": {
      "version": "12.2.4",
      "resolved": "https://registry.npmjs.org/@next/swc-freebsd-x64/-/swc-freebsd-x64-12.2.4.tgz",
      "integrity": "sha512-475vwyWcjnyDVDWLgAATP0HI8W1rwByc+uXk1B6KkAVFhkoDgH387LW0uNqxavK+VxCzj3avQXX/58XDvxtSlg==",
      "cpu": [
        "x64"
      ],
      "optional": true,
      "os": [
        "freebsd"
      ],
      "engines": {
        "node": ">= 10"
      }
    },
    "node_modules/@next/swc-linux-arm-gnueabihf": {
      "version": "12.2.4",
      "resolved": "https://registry.npmjs.org/@next/swc-linux-arm-gnueabihf/-/swc-linux-arm-gnueabihf-12.2.4.tgz",
      "integrity": "sha512-qZW+L3iG3XSGtlOPmD5RRWXyk6ZNdscLV0BQjuDvP+exTg+uixqHXOHz0/GVATIJEBQOF0Kew7jAXVXEP+iRTQ==",
      "cpu": [
        "arm"
      ],
      "optional": true,
      "os": [
        "linux"
      ],
      "engines": {
        "node": ">= 10"
      }
    },
    "node_modules/@next/swc-linux-arm64-gnu": {
      "version": "12.2.4",
      "resolved": "https://registry.npmjs.org/@next/swc-linux-arm64-gnu/-/swc-linux-arm64-gnu-12.2.4.tgz",
      "integrity": "sha512-fEPRjItWYaKyyG9N+2HIA59OBHIhk7WC+Rh+LwXsh0pQe870Ykpek3KQs0umjsrEGe57NyMomq3f80/N8taDvA==",
      "cpu": [
        "arm64"
      ],
      "optional": true,
      "os": [
        "linux"
      ],
      "engines": {
        "node": ">= 10"
      }
    },
    "node_modules/@next/swc-linux-arm64-musl": {
      "version": "12.2.4",
      "resolved": "https://registry.npmjs.org/@next/swc-linux-arm64-musl/-/swc-linux-arm64-musl-12.2.4.tgz",
      "integrity": "sha512-rnCTzXII0EBCcFn9P5s/Dho2kPUMSX/bP0iOAj8wEI/IxUEfEElbin89zJoNW30cycHu19xY8YP4K2+hzciPzQ==",
      "cpu": [
        "arm64"
      ],
      "optional": true,
      "os": [
        "linux"
      ],
      "engines": {
        "node": ">= 10"
      }
    },
    "node_modules/@next/swc-linux-x64-gnu": {
      "version": "12.2.4",
      "resolved": "https://registry.npmjs.org/@next/swc-linux-x64-gnu/-/swc-linux-x64-gnu-12.2.4.tgz",
      "integrity": "sha512-PhXX6NSuIuhHInxPY2VkG2Bl7VllsD3Cjx+pQcS1wTym7Zt7UoLvn05PkRrkiyIkvR+UXnqPUM3TYiSbnemXEw==",
      "cpu": [
        "x64"
      ],
      "optional": true,
      "os": [
        "linux"
      ],
      "engines": {
        "node": ">= 10"
      }
    },
    "node_modules/@next/swc-linux-x64-musl": {
      "version": "12.2.4",
      "resolved": "https://registry.npmjs.org/@next/swc-linux-x64-musl/-/swc-linux-x64-musl-12.2.4.tgz",
      "integrity": "sha512-GmC/QROiUZpFirHRfPQqMyCXZ+5+ndbBZrMvL74HtQB/CKXB8K1VM+rvy9Gp/5OaU8Rxp48IcX79NOfI2LiXlA==",
      "cpu": [
        "x64"
      ],
      "optional": true,
      "os": [
        "linux"
      ],
      "engines": {
        "node": ">= 10"
      }
    },
    "node_modules/@next/swc-win32-arm64-msvc": {
      "version": "12.2.4",
      "resolved": "https://registry.npmjs.org/@next/swc-win32-arm64-msvc/-/swc-win32-arm64-msvc-12.2.4.tgz",
      "integrity": "sha512-9XKoCXbNZuaMRPtcKQz3+hgVpkMosaLlcxHFXT8/j4w61k7/qvEbrkMDS9WHNrD/xVcLycwhPRgXcns2K1BdBQ==",
      "cpu": [
        "arm64"
      ],
      "optional": true,
      "os": [
        "win32"
      ],
      "engines": {
        "node": ">= 10"
      }
    },
    "node_modules/@next/swc-win32-ia32-msvc": {
      "version": "12.2.4",
      "resolved": "https://registry.npmjs.org/@next/swc-win32-ia32-msvc/-/swc-win32-ia32-msvc-12.2.4.tgz",
      "integrity": "sha512-hEyRieZKH9iw4AzvXaQ+Fyb98k0G/o9QcRGxA1/O/O/elf1+Qvuwb15phT8GbVtIeNziy66XTPOhKKfdr8KyUg==",
      "cpu": [
        "ia32"
      ],
      "optional": true,
      "os": [
        "win32"
      ],
      "engines": {
        "node": ">= 10"
      }
    },
    "node_modules/@next/swc-win32-x64-msvc": {
      "version": "12.2.4",
      "resolved": "https://registry.npmjs.org/@next/swc-win32-x64-msvc/-/swc-win32-x64-msvc-12.2.4.tgz",
      "integrity": "sha512-5Pl1tdMJWLy4rvzU1ecx0nHWgDPqoYuvYoXE/5X0Clu9si/yOuBIj573F2kOTY7mu0LX2wgCJVSnyK0abHBxIw==",
      "cpu": [
        "x64"
      ],
      "optional": true,
      "os": [
        "win32"
      ],
      "engines": {
        "node": ">= 10"
      }
    },
    "node_modules/@swc/helpers": {
      "version": "0.4.3",
      "resolved": "https://registry.npmjs.org/@swc/helpers/-/helpers-0.4.3.tgz",
      "integrity": "sha512-6JrF+fdUK2zbGpJIlN7G3v966PQjyx/dPt1T9km2wj+EUBqgrxCk3uX4Kct16MIm9gGxfKRcfax2hVf5jvlTzA==",
      "dependencies": {
        "tslib": "^2.4.0"
      }
    },
    "node_modules/caniuse-lite": {
      "version": "1.0.30001339",
      "resolved": "https://registry.npmjs.org/caniuse-lite/-/caniuse-lite-1.0.30001339.tgz",
      "integrity": "sha512-Es8PiVqCe+uXdms0Gu5xP5PF2bxLR7OBp3wUzUnuO7OHzhOfCyg3hdiGWVPVxhiuniOzng+hTc1u3fEQ0TlkSQ==",
      "funding": [
        {
          "type": "opencollective",
          "url": "https://opencollective.com/browserslist"
        },
        {
          "type": "tidelift",
          "url": "https://tidelift.com/funding/github/npm/caniuse-lite"
        }
      ]
    },
    "node_modules/js-tokens": {
      "version": "4.0.0",
      "resolved": "https://registry.npmjs.org/js-tokens/-/js-tokens-4.0.0.tgz",
      "integrity": "sha512-RdJUflcE3cUzKiMqQgsCu06FPu9UdIJO0beYbPhHN4k6apgJtifcoCtT9bcxOpYBtpD2kCM6Sbzg4CausW/PKQ=="
    },
    "node_modules/loose-envify": {
      "version": "1.4.0",
      "resolved": "https://registry.npmjs.org/loose-envify/-/loose-envify-1.4.0.tgz",
      "integrity": "sha512-lyuxPGr/Wfhrlem2CL/UcnUc1zcqKAImBDzukY7Y5F/yQiNdko6+fRLevlw1HgMySw7f611UIY408EtxRSoK3Q==",
      "dependencies": {
        "js-tokens": "^3.0.0 || ^4.0.0"
      },
      "bin": {
        "loose-envify": "cli.js"
      }
    },
    "node_modules/nanoid": {
      "version": "3.3.4",
      "resolved": "https://registry.npmjs.org/nanoid/-/nanoid-3.3.4.tgz",
      "integrity": "sha512-MqBkQh/OHTS2egovRtLk45wEyNXwF+cokD+1YPf9u5VfJiRdAiRwB2froX5Co9Rh20xs4siNPm8naNotSD6RBw==",
      "bin": {
        "nanoid": "bin/nanoid.cjs"
      },
      "engines": {
        "node": "^10 || ^12 || ^13.7 || ^14 || >=15.0.1"
      }
    },
    "node_modules/next": {
      "version": "12.2.4",
      "resolved": "https://registry.npmjs.org/next/-/next-12.2.4.tgz",
      "integrity": "sha512-b1xlxEozmAWokAXzXsi5vlmU/IfJcFNIJA8dpU5UdkFbyDPio8wwb8mAQ/Y7rGtfTgG/t/u49BiyEA+xAgFvow==",
      "dependencies": {
        "@next/env": "12.2.4",
        "@swc/helpers": "0.4.3",
        "caniuse-lite": "^1.0.30001332",
        "postcss": "8.4.14",
        "styled-jsx": "5.0.2",
        "use-sync-external-store": "1.2.0"
      },
      "bin": {
        "next": "dist/bin/next"
      },
      "engines": {
        "node": ">=12.22.0"
      },
      "optionalDependencies": {
        "@next/swc-android-arm-eabi": "12.2.4",
        "@next/swc-android-arm64": "12.2.4",
        "@next/swc-darwin-arm64": "12.2.4",
        "@next/swc-darwin-x64": "12.2.4",
        "@next/swc-freebsd-x64": "12.2.4",
        "@next/swc-linux-arm-gnueabihf": "12.2.4",
        "@next/swc-linux-arm64-gnu": "12.2.4",
        "@next/swc-linux-arm64-musl": "12.2.4",
        "@next/swc-linux-x64-gnu": "12.2.4",
        "@next/swc-linux-x64-musl": "12.2.4",
        "@next/swc-win32-arm64-msvc": "12.2.4",
        "@next/swc-win32-ia32-msvc": "12.2.4",
        "@next/swc-win32-x64-msvc": "12.2.4"
      },
      "peerDependencies": {
        "fibers": ">= 3.1.0",
        "node-sass": "^6.0.0 || ^7.0.0",
        "react": "^17.0.2 || ^18.0.0-0",
        "react-dom": "^17.0.2 || ^18.0.0-0",
        "sass": "^1.3.0"
      },
      "peerDependenciesMeta": {
        "fibers": {
          "optional": true
        },
        "node-sass": {
          "optional": true
        },
        "sass": {
          "optional": true
        }
      }
    },
    "node_modules/picocolors": {
      "version": "1.0.0",
      "resolved": "https://registry.npmjs.org/picocolors/-/picocolors-1.0.0.tgz",
      "integrity": "sha512-1fygroTLlHu66zi26VoTDv8yRgm0Fccecssto+MhsZ0D/DGW2sm8E8AjW7NU5VVTRt5GxbeZ5qBuJr+HyLYkjQ=="
    },
    "node_modules/postcss": {
      "version": "8.4.14",
      "resolved": "https://registry.npmjs.org/postcss/-/postcss-8.4.14.tgz",
      "integrity": "sha512-E398TUmfAYFPBSdzgeieK2Y1+1cpdxJx8yXbK/m57nRhKSmk1GB2tO4lbLBtlkfPQTDKfe4Xqv1ASWPpayPEig==",
      "funding": [
        {
          "type": "opencollective",
          "url": "https://opencollective.com/postcss/"
        },
        {
          "type": "tidelift",
          "url": "https://tidelift.com/funding/github/npm/postcss"
        }
      ],
      "dependencies": {
        "nanoid": "^3.3.4",
        "picocolors": "^1.0.0",
        "source-map-js": "^1.0.2"
      },
      "engines": {
        "node": "^10 || ^12 || >=14"
      }
    },
    "node_modules/react": {
      "version": "18.2.0",
      "resolved": "https://registry.npmjs.org/react/-/react-18.2.0.tgz",
      "integrity": "sha512-/3IjMdb2L9QbBdWiW5e3P2/npwMBaU9mHCSCUzNln0ZCYbcfTsGbTJrU/kGemdH2IWmB2ioZ+zkxtmq6g09fGQ==",
      "dependencies": {
        "loose-envify": "^1.1.0"
      },
      "engines": {
        "node": ">=0.10.0"
      }
    },
    "node_modules/react-dom": {
      "version": "18.2.0",
      "resolved": "https://registry.npmjs.org/react-dom/-/react-dom-18.2.0.tgz",
      "integrity": "sha512-6IMTriUmvsjHUjNtEDudZfuDQUoWXVxKHhlEGSk81n4YFS+r/Kl99wXiwlVXtPBtJenozv2P+hxDsw9eA7Xo6g==",
      "dependencies": {
        "loose-envify": "^1.1.0",
        "scheduler": "^0.23.0"
      },
      "peerDependencies": {
        "react": "^18.2.0"
      }
    },
    "node_modules/scheduler": {
      "version": "0.23.0",
      "resolved": "https://registry.npmjs.org/scheduler/-/scheduler-0.23.0.tgz",
      "integrity": "sha512-CtuThmgHNg7zIZWAXi3AsyIzA3n4xx7aNyjwC2VJldO2LMVDhFK+63xGqq6CsJH4rTAt6/M+N4GhZiDYPx9eUw==",
      "dependencies": {
        "loose-envify": "^1.1.0"
      }
    },
    "node_modules/source-map-js": {
      "version": "1.0.2",
      "resolved": "https://registry.npmjs.org/source-map-js/-/source-map-js-1.0.2.tgz",
      "integrity": "sha512-R0XvVJ9WusLiqTCEiGCmICCMplcCkIwwR11mOSD9CR5u+IXYdiseeEuXCVAjS54zqwkLcPNnmU4OeJ6tUrWhDw==",
      "engines": {
        "node": ">=0.10.0"
      }
    },
    "node_modules/styled-jsx": {
      "version": "5.0.2",
      "resolved": "https://registry.npmjs.org/styled-jsx/-/styled-jsx-5.0.2.tgz",
      "integrity": "sha512-LqPQrbBh3egD57NBcHET4qcgshPks+yblyhPlH2GY8oaDgKs8SK4C3dBh3oSJjgzJ3G5t1SYEZGHkP+QEpX9EQ==",
      "engines": {
        "node": ">= 12.0.0"
      },
      "peerDependencies": {
        "react": ">= 16.8.0 || 17.x.x || ^18.0.0-0"
      },
      "peerDependenciesMeta": {
        "@babel/core": {
          "optional": true
        },
        "babel-plugin-macros": {
          "optional": true
        }
      }
    },
    "node_modules/tslib": {
      "version": "2.4.0",
      "resolved": "https://registry.npmjs.org/tslib/-/tslib-2.4.0.tgz",
      "integrity": "sha512-d6xOpEDfsi2CZVlPQzGeux8XMwLT9hssAsaPYExaQMuYskwb+x1x7J371tWlbBdWHroy99KnVB6qIkUbs5X3UQ=="
    },
    "node_modules/use-sync-external-store": {
      "version": "1.2.0",
      "resolved": "https://registry.npmjs.org/use-sync-external-store/-/use-sync-external-store-1.2.0.tgz",
      "integrity": "sha512-eEgnFxGQ1Ife9bzYs6VLi8/4X6CObHMw9Qr9tPY43iKwsPw8xE8+EFsf/2cFZ5S3esXgpWgtSCtLNS41F+sKPA==",
      "peerDependencies": {
        "react": "^16.8.0 || ^17.0.0 || ^18.0.0"
      }
    }
  },
  "dependencies": {
    "@next/env": {
      "version": "12.2.4",
      "resolved": "https://registry.npmjs.org/@next/env/-/env-12.2.4.tgz",
      "integrity": "sha512-/gApFXWk5CCLFQJL5IYJXxPQuG5tz5nPX4l27A9Zm/+wJxiwFrRSP54AopDxIv4JRp/rGwcgk/lZS/0Clw8jYA=="
    },
    "@next/swc-android-arm-eabi": {
      "version": "12.2.4",
      "resolved": "https://registry.npmjs.org/@next/swc-android-arm-eabi/-/swc-android-arm-eabi-12.2.4.tgz",
      "integrity": "sha512-P4YSFNpmXXSnn3P1qsOAqz+MX3On9fHrlc8ovb/CFJJoU+YLCR53iCEwfw39e0IZEgDA7ttgr108plF8mxaX0g==",
      "optional": true
    },
    "@next/swc-android-arm64": {
      "version": "12.2.4",
      "resolved": "https://registry.npmjs.org/@next/swc-android-arm64/-/swc-android-arm64-12.2.4.tgz",
      "integrity": "sha512-4o2n14E18O+8xHlf6dgJsWPXN9gmSmfIe2Z0EqKDIPBBkFt/2CyrH0+vwHnL2l7xkDHhOGfZYcYIWVUR5aNu0A==",
      "optional": true
    },
    "@next/swc-darwin-arm64": {
      "version": "12.2.4",
      "resolved": "https://registry.npmjs.org/@next/swc-darwin-arm64/-/swc-darwin-arm64-12.2.4.tgz",
      "integrity": "sha512-DcUO6MGBL9E3jj5o86MUnTOy4WawIJJhyCcFYO4f51sbl7+uPIYIx40eo98A6NwJEXazCqq1hLeqOaNTAIvDiQ==",
      "optional": true
    },
    "@next/swc-darwin-x64": {
      "version": "12.2.4",
      "resolved": "https://registry.npmjs.org/@next/swc-darwin-x64/-/swc-darwin-x64-12.2.4.tgz",
      "integrity": "sha512-IUlFMqeLjdIzDorrGC2Dt+2Ae3DbKQbRzCzmDq4/CP1+jJGeDXo/2AHnlE+WYnwQAC4KtAz6pbVnd3KstZWsVA==",
      "optional": true
    },
    "@next/swc-freebsd-x64": {
      "version": "12.2.4",
      "resolved": "https://registry.npmjs.org/@next/swc-freebsd-x64/-/swc-freebsd-x64-12.2.4.tgz",
      "integrity": "sha512-475vwyWcjnyDVDWLgAATP0HI8W1rwByc+uXk1B6KkAVFhkoDgH387LW0uNqxavK+VxCzj3avQXX/58XDvxtSlg==",
      "optional": true
    },
    "@next/swc-linux-arm-gnueabihf": {
      "version": "12.2.4",
      "resolved": "https://registry.npmjs.org/@next/swc-linux-arm-gnueabihf/-/swc-linux-arm-gnueabihf-12.2.4.tgz",
      "integrity": "sha512-qZW+L3iG3XSGtlOPmD5RRWXyk6ZNdscLV0BQjuDvP+exTg+uixqHXOHz0/GVATIJEBQOF0Kew7jAXVXEP+iRTQ==",
      "optional": true
    },
    "@next/swc-linux-arm64-gnu": {
      "version": "12.2.4",
      "resolved": "https://registry.npmjs.org/@next/swc-linux-arm64-gnu/-/swc-linux-arm64-gnu-12.2.4.tgz",
      "integrity": "sha512-fEPRjItWYaKyyG9N+2HIA59OBHIhk7WC+Rh+LwXsh0pQe870Ykpek3KQs0umjsrEGe57NyMomq3f80/N8taDvA==",
      "optional": true
    },
    "@next/swc-linux-arm64-musl": {
      "version": "12.2.4",
      "resolved": "https://registry.npmjs.org/@next/swc-linux-arm64-musl/-/swc-linux-arm64-musl-12.2.4.tgz",
      "integrity": "sha512-rnCTzXII0EBCcFn9P5s/Dho2kPUMSX/bP0iOAj8wEI/IxUEfEElbin89zJoNW30cycHu19xY8YP4K2+hzciPzQ==",
      "optional": true
    },
    "@next/swc-linux-x64-gnu": {
      "version": "12.2.4",
      "resolved": "https://registry.npmjs.org/@next/swc-linux-x64-gnu/-/swc-linux-x64-gnu-12.2.4.tgz",
      "integrity": "sha512-PhXX6NSuIuhHInxPY2VkG2Bl7VllsD3Cjx+pQcS1wTym7Zt7UoLvn05PkRrkiyIkvR+UXnqPUM3TYiSbnemXEw==",
      "optional": true
    },
    "@next/swc-linux-x64-musl": {
      "version": "12.2.4",
      "resolved": "https://registry.npmjs.org/@next/swc-linux-x64-musl/-/swc-linux-x64-musl-12.2.4.tgz",
      "integrity": "sha512-GmC/QROiUZpFirHRfPQqMyCXZ+5+ndbBZrMvL74HtQB/CKXB8K1VM+rvy9Gp/5OaU8Rxp48IcX79NOfI2LiXlA==",
      "optional": true
    },
    "@next/swc-win32-arm64-msvc": {
      "version": "12.2.4",
      "resolved": "https://registry.npmjs.org/@next/swc-win32-arm64-msvc/-/swc-win32-arm64-msvc-12.2.4.tgz",
      "integrity": "sha512-9XKoCXbNZuaMRPtcKQz3+hgVpkMosaLlcxHFXT8/j4w61k7/qvEbrkMDS9WHNrD/xVcLycwhPRgXcns2K1BdBQ==",
      "optional": true
    },
    "@next/swc-win32-ia32-msvc": {
      "version": "12.2.4",
      "resolved": "https://registry.npmjs.org/@next/swc-win32-ia32-msvc/-/swc-win32-ia32-msvc-12.2.4.tgz",
      "integrity": "sha512-hEyRieZKH9iw4AzvXaQ+Fyb98k0G/o9QcRGxA1/O/O/elf1+Qvuwb15phT8GbVtIeNziy66XTPOhKKfdr8KyUg==",
      "optional": true
    },
    "@next/swc-win32-x64-msvc": {
      "version": "12.2.4",
      "resolved": "https://registry.npmjs.org/@next/swc-win32-x64-msvc/-/swc-win32-x64-msvc-12.2.4.tgz",
      "integrity": "sha512-5Pl1tdMJWLy4rvzU1ecx0nHWgDPqoYuvYoXE/5X0Clu9si/yOuBIj573F2kOTY7mu0LX2wgCJVSnyK0abHBxIw==",
      "optional": true
    },
    "@swc/helpers": {
      "version": "0.4.3",
      "resolved": "https://registry.npmjs.org/@swc/helpers/-/helpers-0.4.3.tgz",
      "integrity": "sha512-6JrF+fdUK2zbGpJIlN7G3v966PQjyx/dPt1T9km2wj+EUBqgrxCk3uX4Kct16MIm9gGxfKRcfax2hVf5jvlTzA==",
      "requires": {
        "tslib": "^2.4.0"
      }
    },
    "caniuse-lite": {
      "version": "1.0.30001339",
      "resolved": "https://registry.npmjs.org/caniuse-lite/-/caniuse-lite-1.0.30001339.tgz",
      "integrity": "sha512-Es8PiVqCe+uXdms0Gu5xP5PF2bxLR7OBp3wUzUnuO7OHzhOfCyg3hdiGWVPVxhiuniOzng+hTc1u3fEQ0TlkSQ=="
    },
    "js-tokens": {
      "version": "4.0.0",
      "resolved": "https://registry.npmjs.org/js-tokens/-/js-tokens-4.0.0.tgz",
      "integrity": "sha512-RdJUflcE3cUzKiMqQgsCu06FPu9UdIJO0beYbPhHN4k6apgJtifcoCtT9bcxOpYBtpD2kCM6Sbzg4CausW/PKQ=="
    },
    "loose-envify": {
      "version": "1.4.0",
      "resolved": "https://registry.npmjs.org/loose-envify/-/loose-envify-1.4.0.tgz",
      "integrity": "sha512-lyuxPGr/Wfhrlem2CL/UcnUc1zcqKAImBDzukY7Y5F/yQiNdko6+fRLevlw1HgMySw7f611UIY408EtxRSoK3Q==",
      "requires": {
        "js-tokens": "^3.0.0 || ^4.0.0"
      }
    },
    "nanoid": {
      "version": "3.3.4",
      "resolved": "https://registry.npmjs.org/nanoid/-/nanoid-3.3.4.tgz",
      "integrity": "sha512-MqBkQh/OHTS2egovRtLk45wEyNXwF+cokD+1YPf9u5VfJiRdAiRwB2froX5Co9Rh20xs4siNPm8naNotSD6RBw=="
    },
    "next": {
      "version": "12.2.4",
      "resolved": "https://registry.npmjs.org/next/-/next-12.2.4.tgz",
      "integrity": "sha512-b1xlxEozmAWokAXzXsi5vlmU/IfJcFNIJA8dpU5UdkFbyDPio8wwb8mAQ/Y7rGtfTgG/t/u49BiyEA+xAgFvow==",
      "requires": {
        "@next/env": "12.2.4",
        "@next/swc-android-arm-eabi": "12.2.4",
        "@next/swc-android-arm64": "12.2.4",
        "@next/swc-darwin-arm64": "12.2.4",
        "@next/swc-darwin-x64": "12.2.4",
        "@next/swc-freebsd-x64": "12.2.4",
        "@next/swc-linux-arm-gnueabihf": "12.2.4",
        "@next/swc-linux-arm64-gnu": "12.2.4",
        "@next/swc-linux-arm64-musl": "12.2.4",
        "@next/swc-linux-x64-gnu": "12.2.4",
        "@next/swc-linux-x64-musl": "12.2.4",
        "@next/swc-win32-arm64-msvc": "12.2.4",
        "@next/swc-win32-ia32-msvc": "12.2.4",
        "@next/swc-win32-x64-msvc": "12.2.4",
        "@swc/helpers": "0.4.3",
        "caniuse-lite": "^1.0.30001332",
        "postcss": "8.4.14",
        "styled-jsx": "5.0.2",
        "use-sync-external-store": "1.2.0"
      }
    },
    "picocolors": {
      "version": "1.0.0",
      "resolved": "https://registry.npmjs.org/picocolors/-/picocolors-1.0.0.tgz",
      "integrity": "sha512-1fygroTLlHu66zi26VoTDv8yRgm0Fccecssto+MhsZ0D/DGW2sm8E8AjW7NU5VVTRt5GxbeZ5qBuJr+HyLYkjQ=="
    },
    "postcss": {
      "version": "8.4.14",
      "resolved": "https://registry.npmjs.org/postcss/-/postcss-8.4.14.tgz",
      "integrity": "sha512-E398TUmfAYFPBSdzgeieK2Y1+1cpdxJx8yXbK/m57nRhKSmk1GB2tO4lbLBtlkfPQTDKfe4Xqv1ASWPpayPEig==",
      "requires": {
        "nanoid": "^3.3.4",
        "picocolors": "^1.0.0",
        "source-map-js": "^1.0.2"
      }
    },
    "react": {
      "version": "18.2.0",
      "resolved": "https://registry.npmjs.org/react/-/react-18.2.0.tgz",
      "integrity": "sha512-/3IjMdb2L9QbBdWiW5e3P2/npwMBaU9mHCSCUzNln0ZCYbcfTsGbTJrU/kGemdH2IWmB2ioZ+zkxtmq6g09fGQ==",
      "requires": {
        "loose-envify": "^1.1.0"
      }
    },
    "react-dom": {
      "version": "18.2.0",
      "resolved": "https://registry.npmjs.org/react-dom/-/react-dom-18.2.0.tgz",
      "integrity": "sha512-6IMTriUmvsjHUjNtEDudZfuDQUoWXVxKHhlEGSk81n4YFS+r/Kl99wXiwlVXtPBtJenozv2P+hxDsw9eA7Xo6g==",
      "requires": {
        "loose-envify": "^1.1.0",
        "scheduler": "^0.23.0"
      }
    },
    "scheduler": {
      "version": "0.23.0",
      "resolved": "https://registry.npmjs.org/scheduler/-/scheduler-0.23.0.tgz",
      "integrity": "sha512-CtuThmgHNg7zIZWAXi3AsyIzA3n4xx7aNyjwC2VJldO2LMVDhFK+63xGqq6CsJH4rTAt6/M+N4GhZiDYPx9eUw==",
      "requires": {
        "loose-envify": "^1.1.0"
      }
    },
    "source-map-js": {
      "version": "1.0.2",
      "resolved": "https://registry.npmjs.org/source-map-js/-/source-map-js-1.0.2.tgz",
      "integrity": "sha512-R0XvVJ9WusLiqTCEiGCmICCMplcCkIwwR11mOSD9CR5u+IXYdiseeEuXCVAjS54zqwkLcPNnmU4OeJ6tUrWhDw=="
    },
    "styled-jsx": {
      "version": "5.0.2",
      "resolved": "https://registry.npmjs.org/styled-jsx/-/styled-jsx-5.0.2.tgz",
      "integrity": "sha512-LqPQrbBh3egD57NBcHET4qcgshPks+yblyhPlH2GY8oaDgKs8SK4C3dBh3oSJjgzJ3G5t1SYEZGHkP+QEpX9EQ==",
      "requires": {}
    },
    "tslib": {
      "version": "2.4.0",
      "resolved": "https://registry.npmjs.org/tslib/-/tslib-2.4.0.tgz",
      "integrity": "sha512-d6xOpEDfsi2CZVlPQzGeux8XMwLT9hssAsaPYExaQMuYskwb+x1x7J371tWlbBdWHroy99KnVB6qIkUbs5X3UQ=="
    },
    "use-sync-external-store": {
      "version": "1.2.0",
      "resolved": "https://registry.npmjs.org/use-sync-external-store/-/use-sync-external-store-1.2.0.tgz",
      "integrity": "sha512-eEgnFxGQ1Ife9bzYs6VLi8/4X6CObHMw9Qr9tPY43iKwsPw8xE8+EFsf/2cFZ5S3esXgpWgtSCtLNS41F+sKPA==",
      "requires": {}
    }
  }
}
